
Microsoft Visual Studio Solution File, Format Version 12.00
Project("{FAE04EC0-301F-11D3-BF4B-00C04F79EFBC}") = "Glowberry-Console", "Glowberry-Console.csproj", "{53DB12DC-6672-46CE-A3C7-9A1474B929F2}"
EndProject
Global
	GlobalSection(SolutionConfigurationPlatforms) = preSolution
		Debug|Any CPU = Debug|Any CPU
		Release|Any CPU = Release|Any CPU
	EndGlobalSection
	GlobalSection(ProjectConfigurationPlatforms) = postSolution
		{53DB12DC-6672-46CE-A3C7-9A1474B929F2}.Debug|Any CPU.ActiveCfg = Debug|Any CPU
		{53DB12DC-6672-46CE-A3C7-9A1474B929F2}.Debug|Any CPU.Build.0 = Debug|Any CPU
		{53DB12DC-6672-46CE-A3C7-9A1474B929F2}.Release|Any CPU.ActiveCfg = Release|Any CPU
		{53DB12DC-6672-46CE-A3C7-9A1474B929F2}.Release|Any CPU.Build.0 = Release|Any CPU
	EndGlobalSection
EndGlobal
